
Microsoft Visual Studio Solution File, Format Version 12.00
# Visual Studio Version 16
VisualStudioVersion = 16.0.31205.134
MinimumVisualStudioVersion = 10.0.40219.1
Project("{FAE04EC0-301F-11D3-BF4B-00C04F79EFBC}") = "VeriYapıları_Kuyruk", "VeriYapıları_Kuyruk\VeriYapıları_Kuyruk.csproj", "{46C845B1-1C91-4957-8DC2-B66025571677}"
EndProject
Global
	GlobalSection(SolutionConfigurationPlatforms) = preSolution
		Debug|Any CPU = Debug|Any CPU
		Release|Any CPU = Release|Any CPU
	EndGlobalSection
	GlobalSection(ProjectConfigurationPlatforms) = postSolution
		{46C845B1-1C91-4957-8DC2-B66025571677}.Debug|Any CPU.ActiveCfg = Debug|Any CPU
		{46C845B1-1C91-4957-8DC2-B66025571677}.Debug|Any CPU.Build.0 = Debug|Any CPU
		{46C845B1-1C91-4957-8DC2-B66025571677}.Release|Any CPU.ActiveCfg = Release|Any CPU
		{46C845B1-1C91-4957-8DC2-B66025571677}.Release|Any CPU.Build.0 = Release|Any CPU
	EndGlobalSection
	GlobalSection(SolutionProperties) = preSolution
		HideSolutionNode = FALSE
	EndGlobalSection
	GlobalSection(ExtensibilityGlobals) = postSolution
		SolutionGuid = {F8E9A6BC-BE3E-4C91-AF03-A2273FD8E3BA}
	EndGlobalSection
EndGlobal
