
Microsoft Visual Studio Solution File, Format Version 12.00
# Visual Studio Version 16
VisualStudioVersion = 16.0.31205.134
MinimumVisualStudioVersion = 10.0.40219.1
Project("{FAE04EC0-301F-11D3-BF4B-00C04F79EFBC}") = "BirMetindeHarfSayısıBulma", "BirMetindeHarfSayısıBulma\BirMetindeHarfSayısıBulma.csproj", "{CEC23809-75E1-4782-B078-B1CF96C81887}"
EndProject
Global
	GlobalSection(SolutionConfigurationPlatforms) = preSolution
		Debug|Any CPU = Debug|Any CPU
		Release|Any CPU = Release|Any CPU
	EndGlobalSection
	GlobalSection(ProjectConfigurationPlatforms) = postSolution
		{CEC23809-75E1-4782-B078-B1CF96C81887}.Debug|Any CPU.ActiveCfg = Debug|Any CPU
		{CEC23809-75E1-4782-B078-B1CF96C81887}.Debug|Any CPU.Build.0 = Debug|Any CPU
		{CEC23809-75E1-4782-B078-B1CF96C81887}.Release|Any CPU.ActiveCfg = Release|Any CPU
		{CEC23809-75E1-4782-B078-B1CF96C81887}.Release|Any CPU.Build.0 = Release|Any CPU
	EndGlobalSection
	GlobalSection(SolutionProperties) = preSolution
		HideSolutionNode = FALSE
	EndGlobalSection
	GlobalSection(ExtensibilityGlobals) = postSolution
		SolutionGuid = {A10347FD-39B3-490E-B97F-2CA2CCB05C5F}
	EndGlobalSection
EndGlobal
