
Microsoft Visual Studio Solution File, Format Version 12.00
# Visual Studio Version 16
VisualStudioVersion = 16.0.31205.134
MinimumVisualStudioVersion = 10.0.40219.1
Project("{FAE04EC0-301F-11D3-BF4B-00C04F79EFBC}") = "koleksiyonlar", "koleksiyonlar\koleksiyonlar.csproj", "{1E5E0DC5-E9CC-40A0-9877-D9A2A02D082B}"
EndProject
Project("{FAE04EC0-301F-11D3-BF4B-00C04F79EFBC}") = "Koleksiyonlar Ödev1", "Koleksiyonlar Ödev1\Koleksiyonlar Ödev1.csproj", "{F09CE975-0C3E-4134-9DA0-747EAA4D861E}"
EndProject
Project("{FAE04EC0-301F-11D3-BF4B-00C04F79EFBC}") = "Hash Table", "Hash Table\Hash Table.csproj", "{FBB81AE6-FC42-4145-A3F6-C24702940429}"
EndProject
Project("{FAE04EC0-301F-11D3-BF4B-00C04F79EFBC}") = "Hash Table Ödev", "Hash Table Ödev\Hash Table Ödev.csproj", "{C98DBDC3-B5EC-40EB-8546-98A0950D6AB9}"
EndProject
Project("{FAE04EC0-301F-11D3-BF4B-00C04F79EFBC}") = "Sortedlist", "Sortedlist\Sortedlist.csproj", "{5DE3B508-6C6D-48F8-82AF-689ECBD710DC}"
EndProject
Project("{FAE04EC0-301F-11D3-BF4B-00C04F79EFBC}") = "Stack konu anlatımı", "Stack konu anlatımı\Stack konu anlatımı.csproj", "{BBE148C8-A690-489D-981E-EAAB22E32D58}"
EndProject
Project("{FAE04EC0-301F-11D3-BF4B-00C04F79EFBC}") = "Queue konu anlatımı", "Queue konu anlatımı\Queue konu anlatımı.csproj", "{3A2C561B-0920-4B54-AFC3-E132DDE9EB9A}"
EndProject
Global
	GlobalSection(SolutionConfigurationPlatforms) = preSolution
		Debug|Any CPU = Debug|Any CPU
		Release|Any CPU = Release|Any CPU
	EndGlobalSection
	GlobalSection(ProjectConfigurationPlatforms) = postSolution
		{1E5E0DC5-E9CC-40A0-9877-D9A2A02D082B}.Debug|Any CPU.ActiveCfg = Debug|Any CPU
		{1E5E0DC5-E9CC-40A0-9877-D9A2A02D082B}.Debug|Any CPU.Build.0 = Debug|Any CPU
		{1E5E0DC5-E9CC-40A0-9877-D9A2A02D082B}.Release|Any CPU.ActiveCfg = Release|Any CPU
		{1E5E0DC5-E9CC-40A0-9877-D9A2A02D082B}.Release|Any CPU.Build.0 = Release|Any CPU
		{F09CE975-0C3E-4134-9DA0-747EAA4D861E}.Debug|Any CPU.ActiveCfg = Debug|Any CPU
		{F09CE975-0C3E-4134-9DA0-747EAA4D861E}.Debug|Any CPU.Build.0 = Debug|Any CPU
		{F09CE975-0C3E-4134-9DA0-747EAA4D861E}.Release|Any CPU.ActiveCfg = Release|Any CPU
		{F09CE975-0C3E-4134-9DA0-747EAA4D861E}.Release|Any CPU.Build.0 = Release|Any CPU
		{FBB81AE6-FC42-4145-A3F6-C24702940429}.Debug|Any CPU.ActiveCfg = Debug|Any CPU
		{FBB81AE6-FC42-4145-A3F6-C24702940429}.Debug|Any CPU.Build.0 = Debug|Any CPU
		{FBB81AE6-FC42-4145-A3F6-C24702940429}.Release|Any CPU.ActiveCfg = Release|Any CPU
		{FBB81AE6-FC42-4145-A3F6-C24702940429}.Release|Any CPU.Build.0 = Release|Any CPU
		{C98DBDC3-B5EC-40EB-8546-98A0950D6AB9}.Debug|Any CPU.ActiveCfg = Debug|Any CPU
		{C98DBDC3-B5EC-40EB-8546-98A0950D6AB9}.Debug|Any CPU.Build.0 = Debug|Any CPU
		{C98DBDC3-B5EC-40EB-8546-98A0950D6AB9}.Release|Any CPU.ActiveCfg = Release|Any CPU
		{C98DBDC3-B5EC-40EB-8546-98A0950D6AB9}.Release|Any CPU.Build.0 = Release|Any CPU
		{5DE3B508-6C6D-48F8-82AF-689ECBD710DC}.Debug|Any CPU.ActiveCfg = Debug|Any CPU
		{5DE3B508-6C6D-48F8-82AF-689ECBD710DC}.Debug|Any CPU.Build.0 = Debug|Any CPU
		{5DE3B508-6C6D-48F8-82AF-689ECBD710DC}.Release|Any CPU.ActiveCfg = Release|Any CPU
		{5DE3B508-6C6D-48F8-82AF-689ECBD710DC}.Release|Any CPU.Build.0 = Release|Any CPU
		{BBE148C8-A690-489D-981E-EAAB22E32D58}.Debug|Any CPU.ActiveCfg = Debug|Any CPU
		{BBE148C8-A690-489D-981E-EAAB22E32D58}.Debug|Any CPU.Build.0 = Debug|Any CPU
		{BBE148C8-A690-489D-981E-EAAB22E32D58}.Release|Any CPU.ActiveCfg = Release|Any CPU
		{BBE148C8-A690-489D-981E-EAAB22E32D58}.Release|Any CPU.Build.0 = Release|Any CPU
		{3A2C561B-0920-4B54-AFC3-E132DDE9EB9A}.Debug|Any CPU.ActiveCfg = Debug|Any CPU
		{3A2C561B-0920-4B54-AFC3-E132DDE9EB9A}.Debug|Any CPU.Build.0 = Debug|Any CPU
		{3A2C561B-0920-4B54-AFC3-E132DDE9EB9A}.Release|Any CPU.ActiveCfg = Release|Any CPU
		{3A2C561B-0920-4B54-AFC3-E132DDE9EB9A}.Release|Any CPU.Build.0 = Release|Any CPU
	EndGlobalSection
	GlobalSection(SolutionProperties) = preSolution
		HideSolutionNode = FALSE
	EndGlobalSection
	GlobalSection(ExtensibilityGlobals) = postSolution
		SolutionGuid = {E07A7175-0C46-48CD-88CA-76000C3428A1}
	EndGlobalSection
EndGlobal
