
Microsoft Visual Studio Solution File, Format Version 12.00
# Visual Studio Version 16
VisualStudioVersion = 16.0.31205.134
MinimumVisualStudioVersion = 10.0.40219.1
Project("{FAE04EC0-301F-11D3-BF4B-00C04F79EFBC}") = "FormlarDers2", "FormlarDers2\FormlarDers2.csproj", "{F9651A8B-6379-4C13-8168-B8A426A97791}"
EndProject
Global
	GlobalSection(SolutionConfigurationPlatforms) = preSolution
		Debug|Any CPU = Debug|Any CPU
		Release|Any CPU = Release|Any CPU
	EndGlobalSection
	GlobalSection(ProjectConfigurationPlatforms) = postSolution
		{F9651A8B-6379-4C13-8168-B8A426A97791}.Debug|Any CPU.ActiveCfg = Debug|Any CPU
		{F9651A8B-6379-4C13-8168-B8A426A97791}.Debug|Any CPU.Build.0 = Debug|Any CPU
		{F9651A8B-6379-4C13-8168-B8A426A97791}.Release|Any CPU.ActiveCfg = Release|Any CPU
		{F9651A8B-6379-4C13-8168-B8A426A97791}.Release|Any CPU.Build.0 = Release|Any CPU
	EndGlobalSection
	GlobalSection(SolutionProperties) = preSolution
		HideSolutionNode = FALSE
	EndGlobalSection
	GlobalSection(ExtensibilityGlobals) = postSolution
		SolutionGuid = {6CF5CB47-6C9C-4058-8238-AF80A535FF78}
	EndGlobalSection
EndGlobal
