
Microsoft Visual Studio Solution File, Format Version 12.00
# Visual Studio Version 16
VisualStudioVersion = 16.0.31205.134
MinimumVisualStudioVersion = 10.0.40219.1
Project("{FAE04EC0-301F-11D3-BF4B-00C04F79EFBC}") = "ver", "ver\ver.csproj", "{12A3EC8A-6F46-469C-ACFF-55429F7F14B3}"
EndProject
Global
	GlobalSection(SolutionConfigurationPlatforms) = preSolution
		Debug|Any CPU = Debug|Any CPU
		Release|Any CPU = Release|Any CPU
	EndGlobalSection
	GlobalSection(ProjectConfigurationPlatforms) = postSolution
		{12A3EC8A-6F46-469C-ACFF-55429F7F14B3}.Debug|Any CPU.ActiveCfg = Debug|Any CPU
		{12A3EC8A-6F46-469C-ACFF-55429F7F14B3}.Debug|Any CPU.Build.0 = Debug|Any CPU
		{12A3EC8A-6F46-469C-ACFF-55429F7F14B3}.Release|Any CPU.ActiveCfg = Release|Any CPU
		{12A3EC8A-6F46-469C-ACFF-55429F7F14B3}.Release|Any CPU.Build.0 = Release|Any CPU
	EndGlobalSection
	GlobalSection(SolutionProperties) = preSolution
		HideSolutionNode = FALSE
	EndGlobalSection
	GlobalSection(ExtensibilityGlobals) = postSolution
		SolutionGuid = {4D524467-E12C-43A3-89E4-24EBF909A0DC}
	EndGlobalSection
EndGlobal
