
Microsoft Visual Studio Solution File, Format Version 12.00
# Visual Studio Version 16
VisualStudioVersion = 16.0.32413.511
MinimumVisualStudioVersion = 10.0.40219.1
Project("{FAE04EC0-301F-11D3-BF4B-00C04F79EFBC}") = "Overloading", "Overloading\Overloading.csproj", "{38A3E2A6-5D15-434D-8B24-605D4B2FDEDF}"
EndProject
Global
	GlobalSection(SolutionConfigurationPlatforms) = preSolution
		Debug|Any CPU = Debug|Any CPU
		Release|Any CPU = Release|Any CPU
	EndGlobalSection
	GlobalSection(ProjectConfigurationPlatforms) = postSolution
		{38A3E2A6-5D15-434D-8B24-605D4B2FDEDF}.Debug|Any CPU.ActiveCfg = Debug|Any CPU
		{38A3E2A6-5D15-434D-8B24-605D4B2FDEDF}.Debug|Any CPU.Build.0 = Debug|Any CPU
		{38A3E2A6-5D15-434D-8B24-605D4B2FDEDF}.Release|Any CPU.ActiveCfg = Release|Any CPU
		{38A3E2A6-5D15-434D-8B24-605D4B2FDEDF}.Release|Any CPU.Build.0 = Release|Any CPU
	EndGlobalSection
	GlobalSection(SolutionProperties) = preSolution
		HideSolutionNode = FALSE
	EndGlobalSection
	GlobalSection(ExtensibilityGlobals) = postSolution
		SolutionGuid = {CCF883FE-9A51-456B-BC94-57DE1409089A}
	EndGlobalSection
EndGlobal
