
Microsoft Visual Studio Solution File, Format Version 12.00
# Visual Studio Version 16
VisualStudioVersion = 16.0.31205.134
MinimumVisualStudioVersion = 10.0.40219.1
Project("{FAE04EC0-301F-11D3-BF4B-00C04F79EFBC}") = "OtoparkUygulama", "OtoparkUygulama\OtoparkUygulama.csproj", "{0F1EA556-8E4C-4E82-B541-079BB12066A4}"
EndProject
Global
	GlobalSection(SolutionConfigurationPlatforms) = preSolution
		Debug|Any CPU = Debug|Any CPU
		Release|Any CPU = Release|Any CPU
	EndGlobalSection
	GlobalSection(ProjectConfigurationPlatforms) = postSolution
		{0F1EA556-8E4C-4E82-B541-079BB12066A4}.Debug|Any CPU.ActiveCfg = Debug|Any CPU
		{0F1EA556-8E4C-4E82-B541-079BB12066A4}.Debug|Any CPU.Build.0 = Debug|Any CPU
		{0F1EA556-8E4C-4E82-B541-079BB12066A4}.Release|Any CPU.ActiveCfg = Release|Any CPU
		{0F1EA556-8E4C-4E82-B541-079BB12066A4}.Release|Any CPU.Build.0 = Release|Any CPU
	EndGlobalSection
	GlobalSection(SolutionProperties) = preSolution
		HideSolutionNode = FALSE
	EndGlobalSection
	GlobalSection(ExtensibilityGlobals) = postSolution
		SolutionGuid = {4B8C52CD-563F-4B72-BA45-0197E445FE08}
	EndGlobalSection
EndGlobal
