
Microsoft Visual Studio Solution File, Format Version 12.00
# Visual Studio Version 16
VisualStudioVersion = 16.0.32413.511
MinimumVisualStudioVersion = 10.0.40219.1
Project("{FAE04EC0-301F-11D3-BF4B-00C04F79EFBC}") = "ConsoleApp1", "ConsoleApp1\ConsoleApp1.csproj", "{4DB09A22-C90F-4683-BC15-6B5A5DB39193}"
EndProject
Global
	GlobalSection(SolutionConfigurationPlatforms) = preSolution
		Debug|Any CPU = Debug|Any CPU
		Release|Any CPU = Release|Any CPU
	EndGlobalSection
	GlobalSection(ProjectConfigurationPlatforms) = postSolution
		{4DB09A22-C90F-4683-BC15-6B5A5DB39193}.Debug|Any CPU.ActiveCfg = Debug|Any CPU
		{4DB09A22-C90F-4683-BC15-6B5A5DB39193}.Debug|Any CPU.Build.0 = Debug|Any CPU
		{4DB09A22-C90F-4683-BC15-6B5A5DB39193}.Release|Any CPU.ActiveCfg = Release|Any CPU
		{4DB09A22-C90F-4683-BC15-6B5A5DB39193}.Release|Any CPU.Build.0 = Release|Any CPU
	EndGlobalSection
	GlobalSection(SolutionProperties) = preSolution
		HideSolutionNode = FALSE
	EndGlobalSection
	GlobalSection(ExtensibilityGlobals) = postSolution
		SolutionGuid = {53EA480E-977B-4921-8D1F-82B469194302}
	EndGlobalSection
EndGlobal
