
Microsoft Visual Studio Solution File, Format Version 12.00
# Visual Studio Version 16
VisualStudioVersion = 16.0.31205.134
MinimumVisualStudioVersion = 10.0.40219.1
Project("{FAE04EC0-301F-11D3-BF4B-00C04F79EFBC}") = "DersCalisma", "DersCalisma\DersCalisma.csproj", "{00493F7A-AE7E-4AB8-B216-53540AA7917E}"
EndProject
Global
	GlobalSection(SolutionConfigurationPlatforms) = preSolution
		Debug|Any CPU = Debug|Any CPU
		Release|Any CPU = Release|Any CPU
	EndGlobalSection
	GlobalSection(ProjectConfigurationPlatforms) = postSolution
		{00493F7A-AE7E-4AB8-B216-53540AA7917E}.Debug|Any CPU.ActiveCfg = Debug|Any CPU
		{00493F7A-AE7E-4AB8-B216-53540AA7917E}.Debug|Any CPU.Build.0 = Debug|Any CPU
		{00493F7A-AE7E-4AB8-B216-53540AA7917E}.Release|Any CPU.ActiveCfg = Release|Any CPU
		{00493F7A-AE7E-4AB8-B216-53540AA7917E}.Release|Any CPU.Build.0 = Release|Any CPU
	EndGlobalSection
	GlobalSection(SolutionProperties) = preSolution
		HideSolutionNode = FALSE
	EndGlobalSection
	GlobalSection(ExtensibilityGlobals) = postSolution
		SolutionGuid = {4D5879F9-DFB3-40D6-BC66-1DE41A415947}
	EndGlobalSection
EndGlobal
