
Microsoft Visual Studio Solution File, Format Version 12.00
# Visual Studio Version 16
VisualStudioVersion = 16.0.31205.134
MinimumVisualStudioVersion = 10.0.40219.1
Project("{FAE04EC0-301F-11D3-BF4B-00C04F79EFBC}") = "yapısalProgramlaDers2", "yapısalProgramlaDers2\yapısalProgramlaDers2.csproj", "{2C79FB15-B525-4374-BBF4-9D0D21676F97}"
EndProject
Global
	GlobalSection(SolutionConfigurationPlatforms) = preSolution
		Debug|Any CPU = Debug|Any CPU
		Release|Any CPU = Release|Any CPU
	EndGlobalSection
	GlobalSection(ProjectConfigurationPlatforms) = postSolution
		{2C79FB15-B525-4374-BBF4-9D0D21676F97}.Debug|Any CPU.ActiveCfg = Debug|Any CPU
		{2C79FB15-B525-4374-BBF4-9D0D21676F97}.Debug|Any CPU.Build.0 = Debug|Any CPU
		{2C79FB15-B525-4374-BBF4-9D0D21676F97}.Release|Any CPU.ActiveCfg = Release|Any CPU
		{2C79FB15-B525-4374-BBF4-9D0D21676F97}.Release|Any CPU.Build.0 = Release|Any CPU
	EndGlobalSection
	GlobalSection(SolutionProperties) = preSolution
		HideSolutionNode = FALSE
	EndGlobalSection
	GlobalSection(ExtensibilityGlobals) = postSolution
		SolutionGuid = {17E06CAF-61E0-4C66-B17C-0DDE1A89185A}
	EndGlobalSection
EndGlobal
