
Microsoft Visual Studio Solution File, Format Version 12.00
# Visual Studio Version 16
VisualStudioVersion = 16.0.32413.511
MinimumVisualStudioVersion = 10.0.40219.1
Project("{FAE04EC0-301F-11D3-BF4B-00C04F79EFBC}") = "Algoritmalar_Bitwise", "Algoritmalar_Bitwise\Algoritmalar_Bitwise.csproj", "{93DAF703-585B-400C-A2E2-29D2A43834B9}"
EndProject
Global
	GlobalSection(SolutionConfigurationPlatforms) = preSolution
		Debug|Any CPU = Debug|Any CPU
		Release|Any CPU = Release|Any CPU
	EndGlobalSection
	GlobalSection(ProjectConfigurationPlatforms) = postSolution
		{93DAF703-585B-400C-A2E2-29D2A43834B9}.Debug|Any CPU.ActiveCfg = Debug|Any CPU
		{93DAF703-585B-400C-A2E2-29D2A43834B9}.Debug|Any CPU.Build.0 = Debug|Any CPU
		{93DAF703-585B-400C-A2E2-29D2A43834B9}.Release|Any CPU.ActiveCfg = Release|Any CPU
		{93DAF703-585B-400C-A2E2-29D2A43834B9}.Release|Any CPU.Build.0 = Release|Any CPU
	EndGlobalSection
	GlobalSection(SolutionProperties) = preSolution
		HideSolutionNode = FALSE
	EndGlobalSection
	GlobalSection(ExtensibilityGlobals) = postSolution
		SolutionGuid = {37EF9A35-D77C-4C96-96CB-E3975007DD50}
	EndGlobalSection
EndGlobal
