
Microsoft Visual Studio Solution File, Format Version 12.00
# Visual Studio Version 16
VisualStudioVersion = 16.0.32413.511
MinimumVisualStudioVersion = 10.0.40219.1
Project("{FAE04EC0-301F-11D3-BF4B-00C04F79EFBC}") = "Vize_Sorusu", "Vize_Sorusu\Vize_Sorusu.csproj", "{24BBA889-AAE0-4234-94B4-590191C96A9C}"
EndProject
Global
	GlobalSection(SolutionConfigurationPlatforms) = preSolution
		Debug|Any CPU = Debug|Any CPU
		Release|Any CPU = Release|Any CPU
	EndGlobalSection
	GlobalSection(ProjectConfigurationPlatforms) = postSolution
		{24BBA889-AAE0-4234-94B4-590191C96A9C}.Debug|Any CPU.ActiveCfg = Debug|Any CPU
		{24BBA889-AAE0-4234-94B4-590191C96A9C}.Debug|Any CPU.Build.0 = Debug|Any CPU
		{24BBA889-AAE0-4234-94B4-590191C96A9C}.Release|Any CPU.ActiveCfg = Release|Any CPU
		{24BBA889-AAE0-4234-94B4-590191C96A9C}.Release|Any CPU.Build.0 = Release|Any CPU
	EndGlobalSection
	GlobalSection(SolutionProperties) = preSolution
		HideSolutionNode = FALSE
	EndGlobalSection
	GlobalSection(ExtensibilityGlobals) = postSolution
		SolutionGuid = {4FF63DE4-6280-4D4C-A4CD-24EC89D7BCB4}
	EndGlobalSection
EndGlobal
