
Microsoft Visual Studio Solution File, Format Version 12.00
# Visual Studio Version 16
VisualStudioVersion = 16.0.31205.134
MinimumVisualStudioVersion = 10.0.40219.1
Project("{FAE04EC0-301F-11D3-BF4B-00C04F79EFBC}") = "Parantez kontrolu", "Parantez kontrolu\Parantez kontrolu.csproj", "{C9D6FE45-EB88-4A24-836B-7876C58D3644}"
EndProject
Global
	GlobalSection(SolutionConfigurationPlatforms) = preSolution
		Debug|Any CPU = Debug|Any CPU
		Release|Any CPU = Release|Any CPU
	EndGlobalSection
	GlobalSection(ProjectConfigurationPlatforms) = postSolution
		{C9D6FE45-EB88-4A24-836B-7876C58D3644}.Debug|Any CPU.ActiveCfg = Debug|Any CPU
		{C9D6FE45-EB88-4A24-836B-7876C58D3644}.Debug|Any CPU.Build.0 = Debug|Any CPU
		{C9D6FE45-EB88-4A24-836B-7876C58D3644}.Release|Any CPU.ActiveCfg = Release|Any CPU
		{C9D6FE45-EB88-4A24-836B-7876C58D3644}.Release|Any CPU.Build.0 = Release|Any CPU
	EndGlobalSection
	GlobalSection(SolutionProperties) = preSolution
		HideSolutionNode = FALSE
	EndGlobalSection
	GlobalSection(ExtensibilityGlobals) = postSolution
		SolutionGuid = {58F540C0-5CD8-4B2D-B7B0-A85BCE150618}
	EndGlobalSection
EndGlobal
