
Microsoft Visual Studio Solution File, Format Version 12.00
# Visual Studio Version 16
VisualStudioVersion = 16.0.31205.134
MinimumVisualStudioVersion = 10.0.40219.1
Project("{FAE04EC0-301F-11D3-BF4B-00C04F79EFBC}") = "stack konu", "stack konu\stack konu.csproj", "{BA617128-DECC-4DE8-AB83-275A14C9914A}"
EndProject
Global
	GlobalSection(SolutionConfigurationPlatforms) = preSolution
		Debug|Any CPU = Debug|Any CPU
		Release|Any CPU = Release|Any CPU
	EndGlobalSection
	GlobalSection(ProjectConfigurationPlatforms) = postSolution
		{BA617128-DECC-4DE8-AB83-275A14C9914A}.Debug|Any CPU.ActiveCfg = Debug|Any CPU
		{BA617128-DECC-4DE8-AB83-275A14C9914A}.Debug|Any CPU.Build.0 = Debug|Any CPU
		{BA617128-DECC-4DE8-AB83-275A14C9914A}.Release|Any CPU.ActiveCfg = Release|Any CPU
		{BA617128-DECC-4DE8-AB83-275A14C9914A}.Release|Any CPU.Build.0 = Release|Any CPU
	EndGlobalSection
	GlobalSection(SolutionProperties) = preSolution
		HideSolutionNode = FALSE
	EndGlobalSection
	GlobalSection(ExtensibilityGlobals) = postSolution
		SolutionGuid = {68465D0C-4678-4DAF-AFCC-D99C2E8A504D}
	EndGlobalSection
EndGlobal
