
Microsoft Visual Studio Solution File, Format Version 12.00
# Visual Studio Version 16
VisualStudioVersion = 16.0.32413.511
MinimumVisualStudioVersion = 10.0.40219.1
Project("{FAE04EC0-301F-11D3-BF4B-00C04F79EFBC}") = "Isletim_Sistemi_Thread_Mutex", "Isletim_Sistemi_Thread_Mutex\Isletim_Sistemi_Thread_Mutex.csproj", "{92AEE56F-F05C-4AA1-8FF4-5D7FDC7C5B5C}"
EndProject
Global
	GlobalSection(SolutionConfigurationPlatforms) = preSolution
		Debug|Any CPU = Debug|Any CPU
		Release|Any CPU = Release|Any CPU
	EndGlobalSection
	GlobalSection(ProjectConfigurationPlatforms) = postSolution
		{92AEE56F-F05C-4AA1-8FF4-5D7FDC7C5B5C}.Debug|Any CPU.ActiveCfg = Debug|Any CPU
		{92AEE56F-F05C-4AA1-8FF4-5D7FDC7C5B5C}.Debug|Any CPU.Build.0 = Debug|Any CPU
		{92AEE56F-F05C-4AA1-8FF4-5D7FDC7C5B5C}.Release|Any CPU.ActiveCfg = Release|Any CPU
		{92AEE56F-F05C-4AA1-8FF4-5D7FDC7C5B5C}.Release|Any CPU.Build.0 = Release|Any CPU
	EndGlobalSection
	GlobalSection(SolutionProperties) = preSolution
		HideSolutionNode = FALSE
	EndGlobalSection
	GlobalSection(ExtensibilityGlobals) = postSolution
		SolutionGuid = {83280E35-7E0E-491F-9008-6635D551F2B9}
	EndGlobalSection
EndGlobal
