
Microsoft Visual Studio Solution File, Format Version 12.00
# Visual Studio Version 16
VisualStudioVersion = 16.0.31205.134
MinimumVisualStudioVersion = 10.0.40219.1
Project("{FAE04EC0-301F-11D3-BF4B-00C04F79EFBC}") = "FormlarDers1", "FormlarDers1\FormlarDers1.csproj", "{2D17A6F9-09CC-40D0-8EEB-AB604603C4B0}"
EndProject
Global
	GlobalSection(SolutionConfigurationPlatforms) = preSolution
		Debug|Any CPU = Debug|Any CPU
		Release|Any CPU = Release|Any CPU
	EndGlobalSection
	GlobalSection(ProjectConfigurationPlatforms) = postSolution
		{2D17A6F9-09CC-40D0-8EEB-AB604603C4B0}.Debug|Any CPU.ActiveCfg = Debug|Any CPU
		{2D17A6F9-09CC-40D0-8EEB-AB604603C4B0}.Debug|Any CPU.Build.0 = Debug|Any CPU
		{2D17A6F9-09CC-40D0-8EEB-AB604603C4B0}.Release|Any CPU.ActiveCfg = Release|Any CPU
		{2D17A6F9-09CC-40D0-8EEB-AB604603C4B0}.Release|Any CPU.Build.0 = Release|Any CPU
	EndGlobalSection
	GlobalSection(SolutionProperties) = preSolution
		HideSolutionNode = FALSE
	EndGlobalSection
	GlobalSection(ExtensibilityGlobals) = postSolution
		SolutionGuid = {C6A17033-E057-43BA-8B4D-81952195EA80}
	EndGlobalSection
EndGlobal
