
Microsoft Visual Studio Solution File, Format Version 12.00
# Visual Studio Version 16
VisualStudioVersion = 16.0.31205.134
MinimumVisualStudioVersion = 10.0.40219.1
Project("{FAE04EC0-301F-11D3-BF4B-00C04F79EFBC}") = "infixtoPosfix", "infixtoPosfix\infixtoPosfix.csproj", "{8088907A-276A-4EBB-8A48-2F9B571F7248}"
EndProject
Global
	GlobalSection(SolutionConfigurationPlatforms) = preSolution
		Debug|Any CPU = Debug|Any CPU
		Release|Any CPU = Release|Any CPU
	EndGlobalSection
	GlobalSection(ProjectConfigurationPlatforms) = postSolution
		{8088907A-276A-4EBB-8A48-2F9B571F7248}.Debug|Any CPU.ActiveCfg = Debug|Any CPU
		{8088907A-276A-4EBB-8A48-2F9B571F7248}.Debug|Any CPU.Build.0 = Debug|Any CPU
		{8088907A-276A-4EBB-8A48-2F9B571F7248}.Release|Any CPU.ActiveCfg = Release|Any CPU
		{8088907A-276A-4EBB-8A48-2F9B571F7248}.Release|Any CPU.Build.0 = Release|Any CPU
	EndGlobalSection
	GlobalSection(SolutionProperties) = preSolution
		HideSolutionNode = FALSE
	EndGlobalSection
	GlobalSection(ExtensibilityGlobals) = postSolution
		SolutionGuid = {45D7EDB3-51C3-4B3C-BAC6-EE6051494319}
	EndGlobalSection
EndGlobal
