
Microsoft Visual Studio Solution File, Format Version 12.00
# Visual Studio Version 16
VisualStudioVersion = 16.0.31205.134
MinimumVisualStudioVersion = 10.0.40219.1
Project("{FAE04EC0-301F-11D3-BF4B-00C04F79EFBC}") = "YapısalUygulama", "YapısalUygulama\YapısalUygulama.csproj", "{A3AF1D59-8C2D-4E4A-A3E8-B956A26B7FC3}"
EndProject
Global
	GlobalSection(SolutionConfigurationPlatforms) = preSolution
		Debug|Any CPU = Debug|Any CPU
		Release|Any CPU = Release|Any CPU
	EndGlobalSection
	GlobalSection(ProjectConfigurationPlatforms) = postSolution
		{A3AF1D59-8C2D-4E4A-A3E8-B956A26B7FC3}.Debug|Any CPU.ActiveCfg = Debug|Any CPU
		{A3AF1D59-8C2D-4E4A-A3E8-B956A26B7FC3}.Debug|Any CPU.Build.0 = Debug|Any CPU
		{A3AF1D59-8C2D-4E4A-A3E8-B956A26B7FC3}.Release|Any CPU.ActiveCfg = Release|Any CPU
		{A3AF1D59-8C2D-4E4A-A3E8-B956A26B7FC3}.Release|Any CPU.Build.0 = Release|Any CPU
	EndGlobalSection
	GlobalSection(SolutionProperties) = preSolution
		HideSolutionNode = FALSE
	EndGlobalSection
	GlobalSection(ExtensibilityGlobals) = postSolution
		SolutionGuid = {82EBBC1E-E1CA-4F08-A86A-6C7B67F1DE25}
	EndGlobalSection
EndGlobal
