
Microsoft Visual Studio Solution File, Format Version 12.00
# Visual Studio Version 16
VisualStudioVersion = 16.0.32413.511
MinimumVisualStudioVersion = 10.0.40219.1
Project("{FAE04EC0-301F-11D3-BF4B-00C04F79EFBC}") = "FinalSinavi", "FinalSinavi\FinalSinavi.csproj", "{7994ECD6-66FD-421E-AE10-B7F6BCB7DD53}"
EndProject
Global
	GlobalSection(SolutionConfigurationPlatforms) = preSolution
		Debug|Any CPU = Debug|Any CPU
		Release|Any CPU = Release|Any CPU
	EndGlobalSection
	GlobalSection(ProjectConfigurationPlatforms) = postSolution
		{7994ECD6-66FD-421E-AE10-B7F6BCB7DD53}.Debug|Any CPU.ActiveCfg = Debug|Any CPU
		{7994ECD6-66FD-421E-AE10-B7F6BCB7DD53}.Debug|Any CPU.Build.0 = Debug|Any CPU
		{7994ECD6-66FD-421E-AE10-B7F6BCB7DD53}.Release|Any CPU.ActiveCfg = Release|Any CPU
		{7994ECD6-66FD-421E-AE10-B7F6BCB7DD53}.Release|Any CPU.Build.0 = Release|Any CPU
	EndGlobalSection
	GlobalSection(SolutionProperties) = preSolution
		HideSolutionNode = FALSE
	EndGlobalSection
	GlobalSection(ExtensibilityGlobals) = postSolution
		SolutionGuid = {F9135365-E380-4F7D-BA3E-FEF7CF8C7B0F}
	EndGlobalSection
EndGlobal
