
Microsoft Visual Studio Solution File, Format Version 12.00
# Visual Studio Version 16
VisualStudioVersion = 16.0.31205.134
MinimumVisualStudioVersion = 10.0.40219.1
Project("{FAE04EC0-301F-11D3-BF4B-00C04F79EFBC}") = "FormDers2", "FormDers2\FormDers2.csproj", "{ACC463FA-ABE2-4868-90A7-2B3F78E0348A}"
EndProject
Global
	GlobalSection(SolutionConfigurationPlatforms) = preSolution
		Debug|Any CPU = Debug|Any CPU
		Release|Any CPU = Release|Any CPU
	EndGlobalSection
	GlobalSection(ProjectConfigurationPlatforms) = postSolution
		{ACC463FA-ABE2-4868-90A7-2B3F78E0348A}.Debug|Any CPU.ActiveCfg = Debug|Any CPU
		{ACC463FA-ABE2-4868-90A7-2B3F78E0348A}.Debug|Any CPU.Build.0 = Debug|Any CPU
		{ACC463FA-ABE2-4868-90A7-2B3F78E0348A}.Release|Any CPU.ActiveCfg = Release|Any CPU
		{ACC463FA-ABE2-4868-90A7-2B3F78E0348A}.Release|Any CPU.Build.0 = Release|Any CPU
	EndGlobalSection
	GlobalSection(SolutionProperties) = preSolution
		HideSolutionNode = FALSE
	EndGlobalSection
	GlobalSection(ExtensibilityGlobals) = postSolution
		SolutionGuid = {1598A5E2-2B49-4EB2-9BB6-4830085CC18F}
	EndGlobalSection
EndGlobal
