
Microsoft Visual Studio Solution File, Format Version 12.00
# Visual Studio Version 16
VisualStudioVersion = 16.0.31205.134
MinimumVisualStudioVersion = 10.0.40219.1
Project("{FAE04EC0-301F-11D3-BF4B-00C04F79EFBC}") = "Sınıflar", "Sınıflar\Sınıflar.csproj", "{A32878B6-7DD3-4020-87E5-12A813DA47E0}"
EndProject
Project("{FAE04EC0-301F-11D3-BF4B-00C04F79EFBC}") = "Kapsulleme", "Kapsulleme\Kapsulleme.csproj", "{4C27B3D9-FF25-4F5C-AF09-4B669837473E}"
EndProject
Project("{FAE04EC0-301F-11D3-BF4B-00C04F79EFBC}") = "KapsullemeÖdev", "KapsullemeÖdev\KapsullemeÖdev.csproj", "{24D3365F-11CC-4F9F-876D-A6E9CE4018ED}"
EndProject
Project("{FAE04EC0-301F-11D3-BF4B-00C04F79EFBC}") = "KapsullemeÖdev2", "KapsullemeÖdev2\KapsullemeÖdev2.csproj", "{2FEB31DA-26C6-411D-875B-92F6A3665DC4}"
EndProject
Project("{FAE04EC0-301F-11D3-BF4B-00C04F79EFBC}") = "Statick Kavramı", "Statick Kavramı\Statick Kavramı.csproj", "{E248C356-11F4-4A52-A836-BDB52B9E1CF8}"
EndProject
Project("{FAE04EC0-301F-11D3-BF4B-00C04F79EFBC}") = "PersonelUyglulamsı", "PersonelUyglulamsı\PersonelUyglulamsı.csproj", "{7A03451F-07A4-4E86-BCF9-72943D870692}"
EndProject
Project("{FAE04EC0-301F-11D3-BF4B-00C04F79EFBC}") = "Bolum sonu odevi", "Bolum sonu odevi\Bolum sonu odevi.csproj", "{644A70D0-B340-467A-BB0D-7B4934A84B44}"
EndProject
Global
	GlobalSection(SolutionConfigurationPlatforms) = preSolution
		Debug|Any CPU = Debug|Any CPU
		Release|Any CPU = Release|Any CPU
	EndGlobalSection
	GlobalSection(ProjectConfigurationPlatforms) = postSolution
		{A32878B6-7DD3-4020-87E5-12A813DA47E0}.Debug|Any CPU.ActiveCfg = Debug|Any CPU
		{A32878B6-7DD3-4020-87E5-12A813DA47E0}.Debug|Any CPU.Build.0 = Debug|Any CPU
		{A32878B6-7DD3-4020-87E5-12A813DA47E0}.Release|Any CPU.ActiveCfg = Release|Any CPU
		{A32878B6-7DD3-4020-87E5-12A813DA47E0}.Release|Any CPU.Build.0 = Release|Any CPU
		{4C27B3D9-FF25-4F5C-AF09-4B669837473E}.Debug|Any CPU.ActiveCfg = Debug|Any CPU
		{4C27B3D9-FF25-4F5C-AF09-4B669837473E}.Debug|Any CPU.Build.0 = Debug|Any CPU
		{4C27B3D9-FF25-4F5C-AF09-4B669837473E}.Release|Any CPU.ActiveCfg = Release|Any CPU
		{4C27B3D9-FF25-4F5C-AF09-4B669837473E}.Release|Any CPU.Build.0 = Release|Any CPU
		{24D3365F-11CC-4F9F-876D-A6E9CE4018ED}.Debug|Any CPU.ActiveCfg = Debug|Any CPU
		{24D3365F-11CC-4F9F-876D-A6E9CE4018ED}.Debug|Any CPU.Build.0 = Debug|Any CPU
		{24D3365F-11CC-4F9F-876D-A6E9CE4018ED}.Release|Any CPU.ActiveCfg = Release|Any CPU
		{24D3365F-11CC-4F9F-876D-A6E9CE4018ED}.Release|Any CPU.Build.0 = Release|Any CPU
		{2FEB31DA-26C6-411D-875B-92F6A3665DC4}.Debug|Any CPU.ActiveCfg = Debug|Any CPU
		{2FEB31DA-26C6-411D-875B-92F6A3665DC4}.Debug|Any CPU.Build.0 = Debug|Any CPU
		{2FEB31DA-26C6-411D-875B-92F6A3665DC4}.Release|Any CPU.ActiveCfg = Release|Any CPU
		{2FEB31DA-26C6-411D-875B-92F6A3665DC4}.Release|Any CPU.Build.0 = Release|Any CPU
		{E248C356-11F4-4A52-A836-BDB52B9E1CF8}.Debug|Any CPU.ActiveCfg = Debug|Any CPU
		{E248C356-11F4-4A52-A836-BDB52B9E1CF8}.Debug|Any CPU.Build.0 = Debug|Any CPU
		{E248C356-11F4-4A52-A836-BDB52B9E1CF8}.Release|Any CPU.ActiveCfg = Release|Any CPU
		{E248C356-11F4-4A52-A836-BDB52B9E1CF8}.Release|Any CPU.Build.0 = Release|Any CPU
		{7A03451F-07A4-4E86-BCF9-72943D870692}.Debug|Any CPU.ActiveCfg = Debug|Any CPU
		{7A03451F-07A4-4E86-BCF9-72943D870692}.Debug|Any CPU.Build.0 = Debug|Any CPU
		{7A03451F-07A4-4E86-BCF9-72943D870692}.Release|Any CPU.ActiveCfg = Release|Any CPU
		{7A03451F-07A4-4E86-BCF9-72943D870692}.Release|Any CPU.Build.0 = Release|Any CPU
		{644A70D0-B340-467A-BB0D-7B4934A84B44}.Debug|Any CPU.ActiveCfg = Debug|Any CPU
		{644A70D0-B340-467A-BB0D-7B4934A84B44}.Debug|Any CPU.Build.0 = Debug|Any CPU
		{644A70D0-B340-467A-BB0D-7B4934A84B44}.Release|Any CPU.ActiveCfg = Release|Any CPU
		{644A70D0-B340-467A-BB0D-7B4934A84B44}.Release|Any CPU.Build.0 = Release|Any CPU
	EndGlobalSection
	GlobalSection(SolutionProperties) = preSolution
		HideSolutionNode = FALSE
	EndGlobalSection
	GlobalSection(ExtensibilityGlobals) = postSolution
		SolutionGuid = {0A44E860-1DAB-4959-9ADC-876C1C46EBBF}
	EndGlobalSection
EndGlobal
