
Microsoft Visual Studio Solution File, Format Version 12.00
# Visual Studio Version 16
VisualStudioVersion = 16.0.32413.511
MinimumVisualStudioVersion = 10.0.40219.1
Project("{FAE04EC0-301F-11D3-BF4B-00C04F79EFBC}") = "işletim_sistemi_soru1", "işletim_sistemi_soru1\işletim_sistemi_soru1.csproj", "{4A3D5B22-C074-4403-AE75-CE3F6B80C8A5}"
EndProject
Global
	GlobalSection(SolutionConfigurationPlatforms) = preSolution
		Debug|Any CPU = Debug|Any CPU
		Release|Any CPU = Release|Any CPU
	EndGlobalSection
	GlobalSection(ProjectConfigurationPlatforms) = postSolution
		{4A3D5B22-C074-4403-AE75-CE3F6B80C8A5}.Debug|Any CPU.ActiveCfg = Debug|Any CPU
		{4A3D5B22-C074-4403-AE75-CE3F6B80C8A5}.Debug|Any CPU.Build.0 = Debug|Any CPU
		{4A3D5B22-C074-4403-AE75-CE3F6B80C8A5}.Release|Any CPU.ActiveCfg = Release|Any CPU
		{4A3D5B22-C074-4403-AE75-CE3F6B80C8A5}.Release|Any CPU.Build.0 = Release|Any CPU
	EndGlobalSection
	GlobalSection(SolutionProperties) = preSolution
		HideSolutionNode = FALSE
	EndGlobalSection
	GlobalSection(ExtensibilityGlobals) = postSolution
		SolutionGuid = {0971AFD4-9E7A-4D50-B8C7-B715AA3ECC8E}
	EndGlobalSection
EndGlobal
