
Microsoft Visual Studio Solution File, Format Version 12.00
# Visual Studio Version 16
VisualStudioVersion = 16.0.32413.511
MinimumVisualStudioVersion = 10.0.40219.1
Project("{FAE04EC0-301F-11D3-BF4B-00C04F79EFBC}") = "algoratimalarBankotSorusu", "algoratimalarBankotSorusu\algoratimalarBankotSorusu.csproj", "{77339225-3174-4DA6-B7EF-3BFC599FE661}"
EndProject
Global
	GlobalSection(SolutionConfigurationPlatforms) = preSolution
		Debug|Any CPU = Debug|Any CPU
		Release|Any CPU = Release|Any CPU
	EndGlobalSection
	GlobalSection(ProjectConfigurationPlatforms) = postSolution
		{77339225-3174-4DA6-B7EF-3BFC599FE661}.Debug|Any CPU.ActiveCfg = Debug|Any CPU
		{77339225-3174-4DA6-B7EF-3BFC599FE661}.Debug|Any CPU.Build.0 = Debug|Any CPU
		{77339225-3174-4DA6-B7EF-3BFC599FE661}.Release|Any CPU.ActiveCfg = Release|Any CPU
		{77339225-3174-4DA6-B7EF-3BFC599FE661}.Release|Any CPU.Build.0 = Release|Any CPU
	EndGlobalSection
	GlobalSection(SolutionProperties) = preSolution
		HideSolutionNode = FALSE
	EndGlobalSection
	GlobalSection(ExtensibilityGlobals) = postSolution
		SolutionGuid = {6A262828-E19E-4FA8-A426-A4AB44047DA0}
	EndGlobalSection
EndGlobal
